{
  "lockfile_version": "1",
  "packages": {
    "awscli@1.32.21": {
      "last_modified": "2024-03-08T08:51:52-05:00",
      "resolved": "github:NixOS/nixpkgs/a343533bccc62400e8a9560423486a3b6c11a23b#awscli",
      "source": "devbox-search",
      "version": "1.32.21",
      "systems": {
        "aarch64-darwin": {
          "store_path": "/nix/store/yvancx7d1ncrrzsgm092cjjbl4w5bkdj-awscli-1.32.21"
        },
        "aarch64-linux": {
          "store_path": "/nix/store/462cnvzkdpsj3lgpjkc49mi8g4zpm96g-awscli-1.32.21"
        },
        "x86_64-darwin": {
          "store_path": "/nix/store/sf6khfnvkccfrb3v29naddjnhigmfpkp-awscli-1.32.21"
        },
        "x86_64-linux": {
          "store_path": "/nix/store/l7bmlv4q1knl8svn5bicwyvjh2q1nysr-awscli-1.32.21"
        }
      }
    },
    "duckdb@1.0.0": {
      "last_modified": "2024-06-06T04:00:50Z",
      "resolved": "github:NixOS/nixpkgs/818dbe2f96df233d2041739d6079bb616d3e5597#duckdb",
      "source": "devbox-search",
      "version": "1.0.0",
      "systems": {
        "aarch64-darwin": {
          "outputs": [
            {
              "name": "out",
              "path": "/nix/store/mjhxvp3cwfg2djgakfhqchi1cyg7y1in-duckdb-1.0.0",
              "default": true
            },
            {
              "name": "lib",
              "path": "/nix/store/ww0f7h4k2d7xqss0y40razvasmrk7ywn-duckdb-1.0.0-lib"
            },
            {
              "name": "dev",
              "path": "/nix/store/ls8rnjsir45yypd3nfrldm1nb6gavvsx-duckdb-1.0.0-dev"
            }
          ],
          "store_path": "/nix/store/mjhxvp3cwfg2djgakfhqchi1cyg7y1in-duckdb-1.0.0"
        },
        "aarch64-linux": {
          "outputs": [
            {
              "name": "out",
              "path": "/nix/store/27ccask7gl9hqfs68bgkg4ff8l6r3qkc-duckdb-1.0.0",
              "default": true
            },
            {
              "name": "dev",
              "path": "/nix/store/9k572lib0x0vjwwn4xj2a57zhrhsf1pr-duckdb-1.0.0-dev"
            },
            {
              "name": "lib",
              "path": "/nix/store/y7cmdq351by285691ywv84fz9lcwy22l-duckdb-1.0.0-lib"
            }
          ],
          "store_path": "/nix/store/27ccask7gl9hqfs68bgkg4ff8l6r3qkc-duckdb-1.0.0"
        },
        "x86_64-darwin": {
          "outputs": [
            {
              "name": "out",
              "path": "/nix/store/gcc920gaq4ww9hgcia0bbmym53s47l24-duckdb-1.0.0",
              "default": true
            },
            {
              "name": "dev",
              "path": "/nix/store/labxjljvq87f53sn8cx3bl2qnl5gwrfb-duckdb-1.0.0-dev"
            },
            {
              "name": "lib",
              "path": "/nix/store/b6bbpdmh7ajfqjy3dcyw88ksb3hcw15p-duckdb-1.0.0-lib"
            }
          ],
          "store_path": "/nix/store/gcc920gaq4ww9hgcia0bbmym53s47l24-duckdb-1.0.0"
        },
        "x86_64-linux": {
          "outputs": [
            {
              "name": "out",
              "path": "/nix/store/8s618w01dw95rwmqqry8dna7rc678078-duckdb-1.0.0",
              "default": true
            },
            {
              "name": "dev",
              "path": "/nix/store/kw35hzrcj47a87ivy8rhd23i4db4wzak-duckdb-1.0.0-dev"
            },
            {
              "name": "lib",
              "path": "/nix/store/n2mcld2c26n75sc6xbz9jk74v4cxr056-duckdb-1.0.0-lib"
            }
          ],
          "store_path": "/nix/store/8s618w01dw95rwmqqry8dna7rc678078-duckdb-1.0.0"
        }
      }
    },
    "ffmpeg@6.1.1": {
      "last_modified": "2024-04-21T04:20:59-04:00",
      "resolved": "github:NixOS/nixpkgs/f2d7a289c5a5ece8521dd082b81ac7e4a57c2c5c#ffmpeg",
      "source": "devbox-search",
      "version": "6.1.1",
      "systems": {
        "aarch64-darwin": {
          "store_path": "/nix/store/zsl809z6n29k0pf0zbkq4dppcg4fxmxg-ffmpeg-6.1.1-bin"
        },
        "aarch64-linux": {
          "store_path": "/nix/store/a1kz17w3x3ibib8cqmmzan37v93qcxfp-ffmpeg-6.1.1-bin"
        },
        "x86_64-darwin": {
          "store_path": "/nix/store/nk1941wq630p92j1rvmd2w1inz85jkjl-ffmpeg-6.1.1-bin"
        },
        "x86_64-linux": {
          "store_path": "/nix/store/h1rvpl4yzvhrdvpip6gpn5795jk5nl6c-ffmpeg-6.1.1-bin"
        }
      }
    },
    "gcc-unwrapped@13.2.0": {
      "last_modified": "2024-04-19T17:36:04-04:00",
      "resolved": "github:NixOS/nixpkgs/92d295f588631b0db2da509f381b4fb1e74173c5#gcc-unwrapped",
      "source": "devbox-search",
      "version": "13.2.0",
      "systems": {
        "aarch64-darwin": {
          "store_path": "/nix/store/dsgvvjrd2990xin6d6sdfphaawlfjwxp-gcc-13.2.0"
        },
        "aarch64-linux": {
          "store_path": "/nix/store/ipqfj101zbg81vqhdgi27m1zfyghfymr-gcc-13.2.0"
        },
        "x86_64-darwin": {
          "store_path": "/nix/store/iggb2jl9kz92l2g915a6qsb3rbrfkhyc-gcc-13.2.0"
        },
        "x86_64-linux": {
          "store_path": "/nix/store/nn152mgpdfcw92b3b03g9kmnlpd9jris-gcc-13.2.0"
        }
      }
    },
    "gcc@13.2.0": {
      "last_modified": "2024-04-19T17:36:04-04:00",
      "resolved": "github:NixOS/nixpkgs/92d295f588631b0db2da509f381b4fb1e74173c5#gcc",
      "source": "devbox-search",
      "version": "13.2.0",
      "systems": {
        "aarch64-darwin": {
          "store_path": "/nix/store/lkml0r6mcdz3y1ymjg9mfgp6ksj6q7v5-gcc-wrapper-13.2.0"
        },
        "aarch64-linux": {
          "store_path": "/nix/store/nly6ffl5anzn9yavb7d0i39779nh19yv-gcc-wrapper-13.2.0"
        },
        "x86_64-darwin": {
          "store_path": "/nix/store/l8gxgd35k2pm86b2r7lx2z5r2xp9ypvv-gcc-wrapper-13.2.0"
        },
        "x86_64-linux": {
          "store_path": "/nix/store/4kwk49k8rc8cg8c387kbbjcrl8i0y693-gcc-wrapper-13.2.0"
        }
      }
    },
    "git@2.44.0": {
      "last_modified": "2024-04-19T17:36:04-04:00",
      "resolved": "github:NixOS/nixpkgs/92d295f588631b0db2da509f381b4fb1e74173c5#git",
      "source": "devbox-search",
      "version": "2.44.0",
      "systems": {
        "aarch64-darwin": {
          "store_path": "/nix/store/m0xxxwbvmfkpr2xl8xglp6pdcy2b32yr-git-2.44.0"
        },
        "aarch64-linux": {
          "store_path": "/nix/store/53m8frqp4ibslq73c9rw25aim802cz6d-git-2.44.0"
        },
        "x86_64-darwin": {
          "store_path": "/nix/store/31aiia9d9zfmk53wsc2pkixipmhpb2s6-git-2.44.0"
        },
        "x86_64-linux": {
          "store_path": "/nix/store/apl2ibxqrxbbj6z79nfgv892999z1zyv-git-2.44.0"
        }
      }
    },
    "go@1.21.3": {
      "last_modified": "2023-10-25T20:49:13Z",
      "resolved": "github:NixOS/nixpkgs/75a52265bda7fd25e06e3a67dee3f0354e73243c#go",
      "source": "devbox-search",
      "version": "1.21.3",
      "systems": {
        "aarch64-darwin": {
          "store_path": "/nix/store/1fxz1flmv4a4m5pvjmmzxlaznjzybjcp-go-1.21.3"
        },
        "aarch64-linux": {
          "store_path": "/nix/store/iyaywzzkhm1pi5ysd83ai9pdpic9b9ny-go-1.21.3"
        },
        "x86_64-darwin": {
          "store_path": "/nix/store/yqqhrzr15819draxsyqrn2hf5c22ffhk-go-1.21.3"
        },
        "x86_64-linux": {
          "store_path": "/nix/store/dwmb0qcai52d0zkgpm6f5ifx2a8yvsdg-go-1.21.3"
        }
      }
    },
    "hugo@0.124.1": {
      "last_modified": "2024-04-01T22:53:36-04:00",
      "resolved": "github:NixOS/nixpkgs/080a4a27f206d07724b88da096e27ef63401a504#hugo",
      "source": "devbox-search",
      "version": "0.124.1",
      "systems": {
        "aarch64-darwin": {
          "store_path": "/nix/store/svp323dq8pkvkdpgwm6kacirvj306gk7-hugo-0.124.1"
        },
        "aarch64-linux": {
          "store_path": "/nix/store/23g4yy8nljj46iahh4h6hr9q5sbwl0sx-hugo-0.124.1"
        },
        "x86_64-darwin": {
          "store_path": "/nix/store/nhfnhk99rwq5ving0adayix38m4kfkpq-hugo-0.124.1"
        },
        "x86_64-linux": {
          "store_path": "/nix/store/4rwm1ni7hnhjlpn1v3w6g376hzkks7za-hugo-0.124.1"
        }
      }
    },
    "python310Packages.pip@23.2.1": {
      "last_modified": "2023-12-13T17:54:10-05:00",
      "plugin_version": "0.0.2",
      "resolved": "github:NixOS/nixpkgs/fd04bea4cbf76f86f244b9e2549fca066db8ddff#python310Packages.pip",
      "source": "devbox-search",
      "version": "23.2.1",
      "systems": {
        "aarch64-darwin": {
          "store_path": "/nix/store/vjyrxbxqsadvr9g6mzig6y406dhwcrqi-python3.10-pip-23.2.1"
        },
        "aarch64-linux": {
          "store_path": "/nix/store/j8pxwv7vyjm8z2fqglijjvabbkmxbv9r-python3.10-pip-23.2.1"
        },
        "x86_64-darwin": {
          "store_path": "/nix/store/7lyvqf8wl47wzgsqmlcz39ycmwxyg9zx-python3.10-pip-23.2.1"
        },
        "x86_64-linux": {
          "store_path": "/nix/store/gdhvfi5zaqzpa5l3kk0spmv71r549slf-python3.10-pip-23.2.1"
        }
      }
    },
    "python@3.10.14": {
      "last_modified": "2024-04-19T21:36:04Z",
      "plugin_version": "0.0.3",
      "resolved": "github:NixOS/nixpkgs/92d295f588631b0db2da509f381b4fb1e74173c5#python310",
      "source": "devbox-search",
      "version": "3.10.14",
      "systems": {
        "aarch64-darwin": {
          "outputs": [
            {
              "name": "out",
              "path": "/nix/store/l7w62hvrq2700xadjd5k4yj12dfzd7n1-python3-3.10.14",
              "default": true
            }
          ],
          "store_path": "/nix/store/l7w62hvrq2700xadjd5k4yj12dfzd7n1-python3-3.10.14"
        },
        "aarch64-linux": {
          "outputs": [
            {
              "name": "out",
              "path": "/nix/store/v1y56cfk92x9v4qx16fv3xj5nxaw2nqf-python3-3.10.14",
              "default": true
            },
            {
              "name": "debug",
              "path": "/nix/store/r21p36p4a79h9pdlw4l6npcmwa9zzijx-python3-3.10.14-debug"
            }
          ],
          "store_path": "/nix/store/v1y56cfk92x9v4qx16fv3xj5nxaw2nqf-python3-3.10.14"
        },
        "x86_64-darwin": {
          "outputs": [
            {
              "name": "out",
              "path": "/nix/store/l9cm37a1167b6nzricmxp91gzx1gkfgb-python3-3.10.14",
              "default": true
            }
          ],
          "store_path": "/nix/store/l9cm37a1167b6nzricmxp91gzx1gkfgb-python3-3.10.14"
        },
        "x86_64-linux": {
          "outputs": [
            {
              "name": "out",
              "path": "/nix/store/h5wq40vfyw8j3afab592x9hpxc2shl3n-python3-3.10.14",
              "default": true
            },
            {
              "name": "debug",
              "path": "/nix/store/cwpg3smni36pkx9iws0zqkv10hagn4r2-python3-3.10.14-debug"
            }
          ],
          "store_path": "/nix/store/h5wq40vfyw8j3afab592x9hpxc2shl3n-python3-3.10.14"
        }
      }
    }
  }
}
