github.com/adityatelange/hugo-PaperMod v0.0.0-20230826144857-efe4cb45161b h1:eLMvFFfTaW5oGnamkeSsbxxgVF74vDaZfGdXMmkkAPA=
github.com/adityatelange/hugo-PaperMod v0.0.0-20230826144857-efe4cb45161b/go.mod h1:HCHxNMKYdGafUYjVV3ICiAqznZK2yH0iI53jqcDFDdQ=
github.com/alex-shpak/hugo-book v0.0.0-20230808113920-3f1bcccbfb24 h1:8NjMYBSFTtBLeT1VmpZAZznPOt1OH8aNCnE86sL4p4k=
github.com/alex-shpak/hugo-book v0.0.0-20230808113920-3f1bcccbfb24/go.mod h1:L4NMyzbn15fpLIpmmtDg9ZFFyTZzw87/lk7M2bMQ7ds=
github.com/milafrerichs/hugo-wikilinks v0.0.0-20211029084251-6464e839c73a h1:0qQ/BiywfDRKZk2qS2DXvTli0qnYt2YqQ/gyIOJ7M6s=
github.com/milafrerichs/hugo-wikilinks v0.0.0-20211029084251-6464e839c73a/go.mod h1:ICa2d3iU0rHQ6RlTDrMoLZllsBf6T0fPByvIPrfWmBQ=
github.com/mismith0227/hugo_theme_pickles v0.0.0-20230812090920-6b24bdf85025 h1:BqThUELKEl6ULSOuLle/o3Ln5wYHC8sYcc/w1N0XB1g=
github.com/mismith0227/hugo_theme_pickles v0.0.0-20230812090920-6b24bdf85025/go.mod h1:k/VZhcaWwBpt8bz72apvGYCHHlUT7S5oVLGtvfRYxm0=
